<?xml version="1.0" encoding="utf-8"?>
<Project ToolsVersion="4.0" xmlns="http://schemas.microsoft.com/developer/msbuild/2003">
  <ItemGroup>
    <ClCompile Include="..\src\jdksavdecc.c">
      <Filter>Source Files</Filter>
    </ClCompile>
    <ClCompile Include="..\src\jdksavdecc_acmp_print.c">
      <Filter>Source Files</Filter>
    </ClCompile>
    <ClCompile Include="..\src\jdksavdecc_adp_manager.c">
      <Filter>Source Files</Filter>
    </ClCompile>
    <ClCompile Include="..\src\jdksavdecc_adp_print.c">
      <Filter>Source Files</Filter>
    </ClCompile>
    <ClCompile Include="..\src\jdksavdecc_aecp_print.c">
      <Filter>Source Files</Filter>
    </ClCompile>
    <ClCompile Include="..\src\jdksavdecc_aem_descriptor.c">
      <Filter>Source Files</Filter>
    </ClCompile>
    <ClCompile Include="..\src\jdksavdecc_aem_print.c">
      <Filter>Source Files</Filter>
    </ClCompile>
    <ClCompile Include="..\src\jdksavdecc_allocator.c">
      <Filter>Source Files</Filter>
    </ClCompile>
    <ClCompile Include="..\src\jdksavdecc_app.c">
      <Filter>Source Files</Filter>
    </ClCompile>
    <ClCompile Include="..\src\jdksavdecc_app_print.c">
      <Filter>Source Files</Filter>
    </ClCompile>
    <ClCompile Include="..\src\jdksavdecc_control.c">
      <Filter>Source Files</Filter>
    </ClCompile>
    <ClCompile Include="..\src\jdksavdecc_controller_manager.c">
      <Filter>Source Files</Filter>
    </ClCompile>
    <ClCompile Include="..\src\jdksavdecc_descriptor_storage.c">
      <Filter>Source Files</Filter>
    </ClCompile>
    <ClCompile Include="..\src\jdksavdecc_descriptor_storage_gen.c">
      <Filter>Source Files</Filter>
    </ClCompile>
    <ClCompile Include="..\src\jdksavdecc_entity_manager.c">
      <Filter>Source Files</Filter>
    </ClCompile>
    <ClCompile Include="..\src\jdksavdecc_entity_model.c">
      <Filter>Source Files</Filter>
    </ClCompile>
    <ClCompile Include="..\src\jdksavdecc_frame.c">
      <Filter>Source Files</Filter>
    </ClCompile>
    <ClCompile Include="..\src\jdksavdecc_inflight.c">
      <Filter>Source Files</Filter>
    </ClCompile>
    <ClCompile Include="..\src\jdksavdecc_jdks.c">
      <Filter>Source Files</Filter>
    </ClCompile>
    <ClCompile Include="..\src\jdksavdecc_maap.c">
      <Filter>Source Files</Filter>
    </ClCompile>
    <ClCompile Include="..\src\jdksavdecc_maap_print.c">
      <Filter>Source Files</Filter>
    </ClCompile>
    <ClCompile Include="..\src\jdksavdecc_pdu.c">
      <Filter>Source Files</Filter>
    </ClCompile>
    <ClCompile Include="..\src\jdksavdecc_pdu_print.c">
      <Filter>Source Files</Filter>
    </ClCompile>
    <ClCompile Include="..\src\jdksavdecc_print.c">
      <Filter>Source Files</Filter>
    </ClCompile>
  </ItemGroup>
  <ItemGroup>
    <ClInclude Include="..\include\jdksavdecc.h">
      <Filter>Header Files</Filter>
    </ClInclude>
    <ClInclude Include="..\include\jdksavdecc_acmp.h">
      <Filter>Header Files</Filter>
    </ClInclude>
    <ClInclude Include="..\include\jdksavdecc_acmp_print.h">
      <Filter>Header Files</Filter>
    </ClInclude>
    <ClInclude Include="..\include\jdksavdecc_adp.h">
      <Filter>Header Files</Filter>
    </ClInclude>
    <ClInclude Include="..\include\jdksavdecc_adp_manager.h">
      <Filter>Header Files</Filter>
    </ClInclude>
    <ClInclude Include="..\include\jdksavdecc_adp_print.h">
      <Filter>Header Files</Filter>
    </ClInclude>
    <ClInclude Include="..\include\jdksavdecc_aecp.h">
      <Filter>Header Files</Filter>
    </ClInclude>
    <ClInclude Include="..\include\jdksavdecc_aecp_aa.h">
      <Filter>Header Files</Filter>
    </ClInclude>
    <ClInclude Include="..\include\jdksavdecc_aecp_aem.h">
      <Filter>Header Files</Filter>
    </ClInclude>
    <ClInclude Include="..\include\jdksavdecc_aecp_avc.h">
      <Filter>Header Files</Filter>
    </ClInclude>
    <ClInclude Include="..\include\jdksavdecc_aecp_hdcp_apm.h">
      <Filter>Header Files</Filter>
    </ClInclude>
    <ClInclude Include="..\include\jdksavdecc_aecp_print.h">
      <Filter>Header Files</Filter>
    </ClInclude>
    <ClInclude Include="..\include\jdksavdecc_aecp_vendor.h">
      <Filter>Header Files</Filter>
    </ClInclude>
    <ClInclude Include="..\include\jdksavdecc_aem_command.h">
      <Filter>Header Files</Filter>
    </ClInclude>
    <ClInclude Include="..\include\jdksavdecc_aem_descriptor.h">
      <Filter>Header Files</Filter>
    </ClInclude>
    <ClInclude Include="..\include\jdksavdecc_aem_print.h">
      <Filter>Header Files</Filter>
    </ClInclude>
    <ClInclude Include="..\include\jdksavdecc_allocator.h">
      <Filter>Header Files</Filter>
    </ClInclude>
    <ClInclude Include="..\include\jdksavdecc_app.h">
      <Filter>Header Files</Filter>
    </ClInclude>
    <ClInclude Include="..\include\jdksavdecc_app_print.h">
      <Filter>Header Files</Filter>
    </ClInclude>
    <ClInclude Include="..\include\jdksavdecc_avr.h">
      <Filter>Header Files</Filter>
    </ClInclude>
    <ClInclude Include="..\include\jdksavdecc_control.h">
      <Filter>Header Files</Filter>
    </ClInclude>
    <ClInclude Include="..\include\jdksavdecc_controller_manager.h">
      <Filter>Header Files</Filter>
    </ClInclude>
    <ClInclude Include="..\include\jdksavdecc_descriptor_storage.h">
      <Filter>Header Files</Filter>
    </ClInclude>
    <ClInclude Include="..\include\jdksavdecc_descriptor_storage_gen.h">
      <Filter>Header Files</Filter>
    </ClInclude>
    <ClInclude Include="..\include\jdksavdecc_entity_manager.h">
      <Filter>Header Files</Filter>
    </ClInclude>
    <ClInclude Include="..\include\jdksavdecc_entity_model.h">
      <Filter>Header Files</Filter>
    </ClInclude>
    <ClInclude Include="..\include\jdksavdecc_frame.h">
      <Filter>Header Files</Filter>
    </ClInclude>
    <ClInclude Include="..\include\jdksavdecc_inflight.h">
      <Filter>Header Files</Filter>
    </ClInclude>
    <ClInclude Include="..\include\jdksavdecc_jdks.h">
      <Filter>Header Files</Filter>
    </ClInclude>
    <ClInclude Include="..\include\jdksavdecc_maap.h">
      <Filter>Header Files</Filter>
    </ClInclude>
    <ClInclude Include="..\include\jdksavdecc_maap_print.h">
      <Filter>Header Files</Filter>
    </ClInclude>
    <ClInclude Include="..\include\jdksavdecc_ms.h">
      <Filter>Header Files</Filter>
    </ClInclude>
    <ClInclude Include="..\include\jdksavdecc_msinttypes.h">
      <Filter>Header Files</Filter>
    </ClInclude>
    <ClInclude Include="..\include\jdksavdecc_msstdint.h">
      <Filter>Header Files</Filter>
    </ClInclude>
    <ClInclude Include="..\include\jdksavdecc_pdu.h">
      <Filter>Header Files</Filter>
    </ClInclude>
    <ClInclude Include="..\include\jdksavdecc_pdu_print.h">
      <Filter>Header Files</Filter>
    </ClInclude>
    <ClInclude Include="..\include\jdksavdecc_print.h">
      <Filter>Header Files</Filter>
    </ClInclude>
    <ClInclude Include="..\include\jdksavdecc_util.h">
      <Filter>Header Files</Filter>
    </ClInclude>
    <ClInclude Include="..\include\jdksavdecc_world.h">
      <Filter>Header Files</Filter>
    </ClInclude>
  </ItemGroup>
  <ItemGroup>
    <CustomBuild Include="..\CMakeLists.txt" />
  </ItemGroup>
  <ItemGroup>
    <Filter Include="Source Files">
      <UniqueIdentifier>{72A90DCC-8EB7-48E8-B6C9-4D1DDA36120B}</UniqueIdentifier>
    </Filter>
    <Filter Include="Header Files">
      <UniqueIdentifier>{6863B9D5-7D4F-4585-A2F6-2E990401620F}</UniqueIdentifier>
    </Filter>
  </ItemGroup>
</Project>
