<?xml version="1.0" encoding="utf-8"?>
<Project ToolsVersion="4.0" xmlns="http://schemas.microsoft.com/developer/msbuild/2003">
  <ItemGroup>
    <Filter Include="Source Files">
      <UniqueIdentifier>{4FC737F1-C7A5-4376-A066-2A32D752A2FF}</UniqueIdentifier>
      <Extensions>cpp;c;cc;cxx;def;odl;idl;hpj;bat;asm;asmx</Extensions>
    </Filter>
    <Filter Include="Header Files">
      <UniqueIdentifier>{93995380-89BD-4b04-88EB-625FBE52EBFB}</UniqueIdentifier>
      <Extensions>h;hpp;hxx;hm;inl;inc;xsd</Extensions>
    </Filter>
    <Filter Include="Resource Files">
      <UniqueIdentifier>{67DA6AB6-F800-4c08-8B7A-83BB121AAD01}</UniqueIdentifier>
      <Extensions>rc;ico;cur;bmp;dlg;rc2;rct;bin;rgs;gif;jpg;jpeg;jpe;resx;tiff;tif;png;wav;mfcribbon-ms</Extensions>
    </Filter>
  </ItemGroup>
  <ItemGroup>
    <ClInclude Include="..\include\jdksavdecc.h">
      <Filter>Header Files</Filter>
    </ClInclude>
    <ClInclude Include="..\include\jdksavdecc_acmp.h">
      <Filter>Header Files</Filter>
    </ClInclude>
    <ClInclude Include="..\include\jdksavdecc_acmp_listener.h">
      <Filter>Header Files</Filter>
    </ClInclude>
    <ClInclude Include="..\include\jdksavdecc_acmp_talker.h">
      <Filter>Header Files</Filter>
    </ClInclude>
    <ClInclude Include="..\include\jdksavdecc_adp.h">
      <Filter>Header Files</Filter>
    </ClInclude>
    <ClInclude Include="..\include\jdksavdecc_adp_advertise.h">
      <Filter>Header Files</Filter>
    </ClInclude>
    <ClInclude Include="..\include\jdksavdecc_aecp.h">
      <Filter>Header Files</Filter>
    </ClInclude>
    <ClInclude Include="..\include\jdksavdecc_aecp_aem.h">
      <Filter>Header Files</Filter>
    </ClInclude>
    <ClInclude Include="..\include\jdksavdecc_aem_entity.h">
      <Filter>Header Files</Filter>
    </ClInclude>
    <ClInclude Include="..\include\jdksavdecc_maap.h">
      <Filter>Header Files</Filter>
    </ClInclude>
    <ClInclude Include="..\include\jdksavdecc_pdu.h">
      <Filter>Header Files</Filter>
    </ClInclude>
    <ClInclude Include="..\include\jdksavdecc_util.h">
      <Filter>Header Files</Filter>
    </ClInclude>
    <ClInclude Include="..\include\jdksavdecc_world.h">
      <Filter>Header Files</Filter>
    </ClInclude>
    <ClInclude Include="..\include\jdksavdecc_msinttypes.h">
      <Filter>Header Files</Filter>
    </ClInclude>
    <ClInclude Include="..\include\jdksavdecc_aecp_aa.h">
      <Filter>Header Files</Filter>
    </ClInclude>
    <ClInclude Include="..\include\jdksavdecc_aem_command.h">
      <Filter>Header Files</Filter>
    </ClInclude>
    <ClInclude Include="..\include\jdksavdecc_aem_descriptor.h">
      <Filter>Header Files</Filter>
    </ClInclude>
    <ClInclude Include="..\include\jdksavdecc_apc.h">
      <Filter>Header Files</Filter>
    </ClInclude>
    <ClInclude Include="..\include\jdksavdecc_app.h">
      <Filter>Header Files</Filter>
    </ClInclude>
    <ClInclude Include="..\include\jdksavdecc_aps.h">
      <Filter>Header Files</Filter>
    </ClInclude>
    <ClInclude Include="..\include\jdksavdecc_acmp_controller.h">
      <Filter>Header Files</Filter>
    </ClInclude>
    <ClInclude Include="..\include\jdksavdecc_acmp_print.h">
      <Filter>Header Files</Filter>
    </ClInclude>
    <ClInclude Include="..\include\jdksavdecc_adp_discover.h">
      <Filter>Header Files</Filter>
    </ClInclude>
    <ClInclude Include="..\include\jdksavdecc_adp_print.h">
      <Filter>Header Files</Filter>
    </ClInclude>
    <ClInclude Include="..\include\jdksavdecc_aecp_avc.h">
      <Filter>Header Files</Filter>
    </ClInclude>
    <ClInclude Include="..\include\jdksavdecc_aecp_hdcp_apm.h">
      <Filter>Header Files</Filter>
    </ClInclude>
    <ClInclude Include="..\include\jdksavdecc_aecp_print.h">
      <Filter>Header Files</Filter>
    </ClInclude>
    <ClInclude Include="..\include\jdksavdecc_aecp_vendor.h">
      <Filter>Header Files</Filter>
    </ClInclude>
    <ClInclude Include="..\include\jdksavdecc_app_print.h">
      <Filter>Header Files</Filter>
    </ClInclude>
    <ClInclude Include="..\include\jdksavdecc_command_dispatch.h">
      <Filter>Header Files</Filter>
    </ClInclude>
    <ClInclude Include="..\include\jdksavdecc_command_dispatch_print.h">
      <Filter>Header Files</Filter>
    </ClInclude>
    <ClInclude Include="..\include\jdksavdecc_descriptor_dispatch.h">
      <Filter>Header Files</Filter>
    </ClInclude>
    <ClInclude Include="..\include\jdksavdecc_descriptor_dispatch_print.h">
      <Filter>Header Files</Filter>
    </ClInclude>
    <ClInclude Include="..\include\jdksavdecc_maap_print.h">
      <Filter>Header Files</Filter>
    </ClInclude>
    <ClInclude Include="..\include\jdksavdecc_msstdint.h">
      <Filter>Header Files</Filter>
    </ClInclude>
    <ClInclude Include="..\include\jdksavdecc_pcapfile.h">
      <Filter>Header Files</Filter>
    </ClInclude>
    <ClInclude Include="..\include\jdksavdecc_pdu_dispatch.h">
      <Filter>Header Files</Filter>
    </ClInclude>
    <ClInclude Include="..\include\jdksavdecc_pdu_dispatch_print.h">
      <Filter>Header Files</Filter>
    </ClInclude>
    <ClInclude Include="..\include\jdksavdecc_state_machines.h">
      <Filter>Header Files</Filter>
    </ClInclude>
  </ItemGroup>
  <ItemGroup>
    <ClCompile Include="..\src\jdksavdecc.c">
      <Filter>Source Files</Filter>
    </ClCompile>
    <ClCompile Include="..\src\jdksavdecc_acmp.c">
      <Filter>Source Files</Filter>
    </ClCompile>
    <ClCompile Include="..\src\jdksavdecc_acmp_listener.c">
      <Filter>Source Files</Filter>
    </ClCompile>
    <ClCompile Include="..\src\jdksavdecc_acmp_talker.c">
      <Filter>Source Files</Filter>
    </ClCompile>
    <ClCompile Include="..\src\jdksavdecc_adp.c">
      <Filter>Source Files</Filter>
    </ClCompile>
    <ClCompile Include="..\src\jdksavdecc_adp_advertise.c">
      <Filter>Source Files</Filter>
    </ClCompile>
    <ClCompile Include="..\src\jdksavdecc_aecp.c">
      <Filter>Source Files</Filter>
    </ClCompile>
    <ClCompile Include="..\src\jdksavdecc_aecp_aem.c">
      <Filter>Source Files</Filter>
    </ClCompile>
    <ClCompile Include="..\src\jdksavdecc_aem_entity.c">
      <Filter>Source Files</Filter>
    </ClCompile>
    <ClCompile Include="..\src\jdksavdecc_maap.c">
      <Filter>Source Files</Filter>
    </ClCompile>
    <ClCompile Include="..\src\jdksavdecc_pdu.c">
      <Filter>Source Files</Filter>
    </ClCompile>
    <ClCompile Include="..\src\jdksavdecc_util.c">
      <Filter>Source Files</Filter>
    </ClCompile>
    <ClCompile Include="..\src\jdksavdecc_world.c">
      <Filter>Source Files</Filter>
    </ClCompile>
    <ClCompile Include="..\src\jdksavdecc_aecp_aa.c">
      <Filter>Source Files</Filter>
    </ClCompile>
    <ClCompile Include="..\src\jdksavdecc_aem_command.c">
      <Filter>Source Files</Filter>
    </ClCompile>
    <ClCompile Include="..\src\jdksavdecc_aem_descriptor.c">
      <Filter>Source Files</Filter>
    </ClCompile>
    <ClCompile Include="..\src\jdksavdecc_apc.c">
      <Filter>Source Files</Filter>
    </ClCompile>
    <ClCompile Include="..\src\jdksavdecc_app.c">
      <Filter>Source Files</Filter>
    </ClCompile>
    <ClCompile Include="..\src\jdksavdecc_aps.c">
      <Filter>Source Files</Filter>
    </ClCompile>
    <ClCompile Include="..\src\jdksavdecc_acmp_controller.c">
      <Filter>Source Files</Filter>
    </ClCompile>
    <ClCompile Include="..\src\jdksavdecc_acmp_print.c">
      <Filter>Source Files</Filter>
    </ClCompile>
    <ClCompile Include="..\src\jdksavdecc_adp_discover.c">
      <Filter>Source Files</Filter>
    </ClCompile>
    <ClCompile Include="..\src\jdksavdecc_adp_print.c">
      <Filter>Source Files</Filter>
    </ClCompile>
    <ClCompile Include="..\src\jdksavdecc_aecp_avc.c">
      <Filter>Source Files</Filter>
    </ClCompile>
    <ClCompile Include="..\src\jdksavdecc_aecp_hdcp_apm.c">
      <Filter>Source Files</Filter>
    </ClCompile>
    <ClCompile Include="..\src\jdksavdecc_aecp_print.c">
      <Filter>Source Files</Filter>
    </ClCompile>
    <ClCompile Include="..\src\jdksavdecc_aecp_vendor.c">
      <Filter>Source Files</Filter>
    </ClCompile>
    <ClCompile Include="..\src\jdksavdecc_app_print.c">
      <Filter>Source Files</Filter>
    </ClCompile>
    <ClCompile Include="..\src\jdksavdecc_command_dispatch.c">
      <Filter>Source Files</Filter>
    </ClCompile>
    <ClCompile Include="..\src\jdksavdecc_command_dispatch_print.c">
      <Filter>Source Files</Filter>
    </ClCompile>
    <ClCompile Include="..\src\jdksavdecc_descriptor_dispatch.c">
      <Filter>Source Files</Filter>
    </ClCompile>
    <ClCompile Include="..\src\jdksavdecc_descriptor_dispatch_print.c">
      <Filter>Source Files</Filter>
    </ClCompile>
    <ClCompile Include="..\src\jdksavdecc_maap_print.c">
      <Filter>Source Files</Filter>
    </ClCompile>
    <ClCompile Include="..\src\jdksavdecc_pcapfile.c">
      <Filter>Source Files</Filter>
    </ClCompile>
    <ClCompile Include="..\src\jdksavdecc_pdu_dispatch.c">
      <Filter>Source Files</Filter>
    </ClCompile>
    <ClCompile Include="..\src\jdksavdecc_pdu_dispatch_print.c">
      <Filter>Source Files</Filter>
    </ClCompile>
    <ClCompile Include="..\src\jdksavdecc_state_machines.c">
      <Filter>Source Files</Filter>
    </ClCompile>
  </ItemGroup>
</Project>